
Microsoft Visual Studio Solution File, Format Version 12.00
# Visual Studio Version 17
VisualStudioVersion = 17.2.32602.215
MinimumVisualStudioVersion = 10.0.40219.1
Project("{2150E333-8FDC-42A3-9474-1A3956D46DE8}") = "services", "services", "{F137008F-C208-454E-9966-FF387524E6A8}"
EndProject
Project("{2150E333-8FDC-42A3-9474-1A3956D46DE8}") = "catalog", "catalog", "{8ACFCC65-2F63-45EC-958A-33687BD8D292}"
EndProject
Project("{FAE04EC0-301F-11D3-BF4B-00C04F79EFBC}") = "Catalog.API", "Services\Catalog\Catalog.API\Catalog.API.csproj", "{F211ADA0-0FD1-42A7-8437-C4EF09334B01}"
EndProject
Global
	GlobalSection(SolutionConfigurationPlatforms) = preSolution
		Debug|Any CPU = Debug|Any CPU
		Release|Any CPU = Release|Any CPU
	EndGlobalSection
	GlobalSection(ProjectConfigurationPlatforms) = postSolution
		{F211ADA0-0FD1-42A7-8437-C4EF09334B01}.Debug|Any CPU.ActiveCfg = Debug|Any CPU
		{F211ADA0-0FD1-42A7-8437-C4EF09334B01}.Debug|Any CPU.Build.0 = Debug|Any CPU
		{F211ADA0-0FD1-42A7-8437-C4EF09334B01}.Release|Any CPU.ActiveCfg = Release|Any CPU
		{F211ADA0-0FD1-42A7-8437-C4EF09334B01}.Release|Any CPU.Build.0 = Release|Any CPU
	EndGlobalSection
	GlobalSection(SolutionProperties) = preSolution
		HideSolutionNode = FALSE
	EndGlobalSection
	GlobalSection(NestedProjects) = preSolution
		{8ACFCC65-2F63-45EC-958A-33687BD8D292} = {F137008F-C208-454E-9966-FF387524E6A8}
		{F211ADA0-0FD1-42A7-8437-C4EF09334B01} = {8ACFCC65-2F63-45EC-958A-33687BD8D292}
	EndGlobalSection
	GlobalSection(ExtensibilityGlobals) = postSolution
		SolutionGuid = {412231B7-C1E7-4885-A090-0F67AC477C29}
	EndGlobalSection
EndGlobal
